// !$*UTF8*$!
{
	archiveVersion = 1;
	classes = {
	};
	objectVersion = 56;
	objects = {

/* Begin PBXBuildFile section */
		FF0650F42A50461200BDED58 /* Playground_ProjectApp.swift in Sources */ = {isa = PBXBuildFile; fileRef = FF0650F32A50461200BDED58 /* Playground_ProjectApp.swift */; };
		FF0650F62A50461200BDED58 /* ContentView.swift in Sources */ = {isa = PBXBuildFile; fileRef = FF0650F52A50461200BDED58 /* ContentView.swift */; };
		FF0650F82A50461200BDED58 /* Assets.xcassets in Resources */ = {isa = PBXBuildFile; fileRef = FF0650F72A50461200BDED58 /* Assets.xcassets */; };
		FF0650FC2A50461200BDED58 /* Preview Assets.xcassets in Resources */ = {isa = PBXBuildFile; fileRef = FF0650FB2A50461200BDED58 /* Preview Assets.xcassets */; };
		FF0651042A50731900BDED58 /* ClearScore.swift in Sources */ = {isa = PBXBuildFile; fileRef = FF0651032A50731900BDED58 /* ClearScore.swift */; };
		FF0651062A50754400BDED58 /* Launch Screen.storyboard in Resources */ = {isa = PBXBuildFile; fileRef = FF0651052A50754400BDED58 /* Launch Screen.storyboard */; };
		FF0651092A50781D00BDED58 /* PrimaryFont.swift in Sources */ = {isa = PBXBuildFile; fileRef = FF0651082A50781D00BDED58 /* PrimaryFont.swift */; };
		FF06510B2A50904900BDED58 /* CreditScore.swift in Sources */ = {isa = PBXBuildFile; fileRef = FF06510A2A50904900BDED58 /* CreditScore.swift */; };
		FF213EDA2A509AEF00F8497E /* CreditReportCard.swift in Sources */ = {isa = PBXBuildFile; fileRef = FF213ED92A509AEF00F8497E /* CreditReportCard.swift */; };
		FF213EDC2A50A13500F8497E /* DropShadow.swift in Sources */ = {isa = PBXBuildFile; fileRef = FF213EDB2A50A13500F8497E /* DropShadow.swift */; };
/* End PBXBuildFile section */

/* Begin PBXFileReference section */
		FF0650F02A50461200BDED58 /* Playground Project.app */ = {isa = PBXFileReference; explicitFileType = wrapper.application; includeInIndex = 0; path = "Playground Project.app"; sourceTree = BUILT_PRODUCTS_DIR; };
		FF0650F32A50461200BDED58 /* Playground_ProjectApp.swift */ = {isa = PBXFileReference; lastKnownFileType = sourcecode.swift; path = Playground_ProjectApp.swift; sourceTree = "<group>"; };
		FF0650F52A50461200BDED58 /* ContentView.swift */ = {isa = PBXFileReference; lastKnownFileType = sourcecode.swift; path = ContentView.swift; sourceTree = "<group>"; };
		FF0650F72A50461200BDED58 /* Assets.xcassets */ = {isa = PBXFileReference; lastKnownFileType = folder.assetcatalog; path = Assets.xcassets; sourceTree = "<group>"; };
		FF0650F92A50461200BDED58 /* Playground_Project.entitlements */ = {isa = PBXFileReference; lastKnownFileType = text.plist.entitlements; path = Playground_Project.entitlements; sourceTree = "<group>"; };
		FF0650FB2A50461200BDED58 /* Preview Assets.xcassets */ = {isa = PBXFileReference; lastKnownFileType = folder.assetcatalog; path = "Preview Assets.xcassets"; sourceTree = "<group>"; };
		FF0651032A50731900BDED58 /* ClearScore.swift */ = {isa = PBXFileReference; lastKnownFileType = sourcecode.swift; path = ClearScore.swift; sourceTree = "<group>"; };
		FF0651052A50754400BDED58 /* Launch Screen.storyboard */ = {isa = PBXFileReference; lastKnownFileType = file.storyboard; path = "Launch Screen.storyboard"; sourceTree = "<group>"; };
		FF0651082A50781D00BDED58 /* PrimaryFont.swift */ = {isa = PBXFileReference; lastKnownFileType = sourcecode.swift; path = PrimaryFont.swift; sourceTree = "<group>"; };
		FF06510A2A50904900BDED58 /* CreditScore.swift */ = {isa = PBXFileReference; lastKnownFileType = sourcecode.swift; path = CreditScore.swift; sourceTree = "<group>"; };
		FF213ED92A509AEF00F8497E /* CreditReportCard.swift */ = {isa = PBXFileReference; lastKnownFileType = sourcecode.swift; path = CreditReportCard.swift; sourceTree = "<group>"; };
		FF213EDB2A50A13500F8497E /* DropShadow.swift */ = {isa = PBXFileReference; lastKnownFileType = sourcecode.swift; path = DropShadow.swift; sourceTree = "<group>"; };
/* End PBXFileReference section */

/* Begin PBXFrameworksBuildPhase section */
		FF0650ED2A50461200BDED58 /* Frameworks */ = {
			isa = PBXFrameworksBuildPhase;
			buildActionMask = 2147483647;
			files = (
			);
			runOnlyForDeploymentPostprocessing = 0;
		};
/* End PBXFrameworksBuildPhase section */

/* Begin PBXGroup section */
		FF0650E72A50461200BDED58 = {
			isa = PBXGroup;
			children = (
				FF0650F22A50461200BDED58 /* Playground Project */,
				FF0650F12A50461200BDED58 /* Products */,
			);
			sourceTree = "<group>";
		};
		FF0650F12A50461200BDED58 /* Products */ = {
			isa = PBXGroup;
			children = (
				FF0650F02A50461200BDED58 /* Playground Project.app */,
			);
			name = Products;
			sourceTree = "<group>";
		};
		FF0650F22A50461200BDED58 /* Playground Project */ = {
			isa = PBXGroup;
			children = (
				FF0650F32A50461200BDED58 /* Playground_ProjectApp.swift */,
				FF0650F52A50461200BDED58 /* ContentView.swift */,
				FF0651022A5072B300BDED58 /* ClearScore */,
				FF0651072A5077BD00BDED58 /* Modifiers */,
				FF0650F72A50461200BDED58 /* Assets.xcassets */,
				FF0650F92A50461200BDED58 /* Playground_Project.entitlements */,
				FF0650FA2A50461200BDED58 /* Preview Content */,
				FF0651052A50754400BDED58 /* Launch Screen.storyboard */,
			);
			path = "Playground Project";
			sourceTree = "<group>";
		};
		FF0650FA2A50461200BDED58 /* Preview Content */ = {
			isa = PBXGroup;
			children = (
				FF0650FB2A50461200BDED58 /* Preview Assets.xcassets */,
			);
			path = "Preview Content";
			sourceTree = "<group>";
		};
		FF0651022A5072B300BDED58 /* ClearScore */ = {
			isa = PBXGroup;
			children = (
				FF0651032A50731900BDED58 /* ClearScore.swift */,
				FF06510A2A50904900BDED58 /* CreditScore.swift */,
				FF213ED92A509AEF00F8497E /* CreditReportCard.swift */,
			);
			path = ClearScore;
			sourceTree = "<group>";
		};
		FF0651072A5077BD00BDED58 /* Modifiers */ = {
			isa = PBXGroup;
			children = (
				FF0651082A50781D00BDED58 /* PrimaryFont.swift */,
				FF213EDB2A50A13500F8497E /* DropShadow.swift */,
			);
			path = Modifiers;
			sourceTree = "<group>";
		};
/* End PBXGroup section */

/* Begin PBXNativeTarget section */
		FF0650EF2A50461200BDED58 /* Playground Project */ = {
			isa = PBXNativeTarget;
			buildConfigurationList = FF0650FF2A50461200BDED58 /* Build configuration list for PBXNativeTarget "Playground Project" */;
			buildPhases = (
				FF0650EC2A50461200BDED58 /* Sources */,
				FF0650ED2A50461200BDED58 /* Frameworks */,
				FF0650EE2A50461200BDED58 /* Resources */,
			);
			buildRules = (
			);
			dependencies = (
			);
			name = "Playground Project";
			productName = "Playground Project";
			productReference = FF0650F02A50461200BDED58 /* Playground Project.app */;
			productType = "com.apple.product-type.application";
		};
/* End PBXNativeTarget section */

/* Begin PBXProject section */
		FF0650E82A50461200BDED58 /* Project object */ = {
			isa = PBXProject;
			attributes = {
				BuildIndependentTargetsInParallel = 1;
				LastSwiftUpdateCheck = 1430;
				LastUpgradeCheck = 1430;
				TargetAttributes = {
					FF0650EF2A50461200BDED58 = {
						CreatedOnToolsVersion = 14.3.1;
					};
				};
			};
			buildConfigurationList = FF0650EB2A50461200BDED58 /* Build configuration list for PBXProject "Playground Project" */;
			compatibilityVersion = "Xcode 14.0";
			developmentRegion = en;
			hasScannedForEncodings = 0;
			knownRegions = (
				en,
				Base,
			);
			mainGroup = FF0650E72A50461200BDED58;
			productRefGroup = FF0650F12A50461200BDED58 /* Products */;
			projectDirPath = "";
			projectRoot = "";
			targets = (
				FF0650EF2A50461200BDED58 /* Playground Project */,
			);
		};
/* End PBXProject section */

/* Begin PBXResourcesBuildPhase section */
		FF0650EE2A50461200BDED58 /* Resources */ = {
			isa = PBXResourcesBuildPhase;
			buildActionMask = 2147483647;
			files = (
				FF0651062A50754400BDED58 /* Launch Screen.storyboard in Resources */,
				FF0650FC2A50461200BDED58 /* Preview Assets.xcassets in Resources */,
				FF0650F82A50461200BDED58 /* Assets.xcassets in Resources */,
			);
			runOnlyForDeploymentPostprocessing = 0;
		};
/* End PBXResourcesBuildPhase section */

/* Begin PBXSourcesBuildPhase section */
		FF0650EC2A50461200BDED58 /* Sources */ = {
			isa = PBXSourcesBuildPhase;
			buildActionMask = 2147483647;
			files = (
				FF213EDA2A509AEF00F8497E /* CreditReportCard.swift in Sources */,
				FF213EDC2A50A13500F8497E /* DropShadow.swift in Sources */,
				FF0650F62A50461200BDED58 /* ContentView.swift in Sources */,
				FF0650F42A50461200BDED58 /* Playground_ProjectApp.swift in Sources */,
				FF06510B2A50904900BDED58 /* CreditScore.swift in Sources */,
				FF0651042A50731900BDED58 /* ClearScore.swift in Sources */,
				FF0651092A50781D00BDED58 /* PrimaryFont.swift in Sources */,
			);
			runOnlyForDeploymentPostprocessing = 0;
		};
/* End PBXSourcesBuildPhase section */

/* Begin XCBuildConfiguration section */
		FF0650FD2A50461200BDED58 /* Debug */ = {
			isa = XCBuildConfiguration;
			buildSettings = {
				ALWAYS_SEARCH_USER_PATHS = NO;
				CLANG_ANALYZER_NONNULL = YES;
				CLANG_ANALYZER_NUMBER_OBJECT_CONVERSION = YES_AGGRESSIVE;
				CLANG_CXX_LANGUAGE_STANDARD = "gnu++20";
				CLANG_ENABLE_MODULES = YES;
				CLANG_ENABLE_OBJC_ARC = YES;
				CLANG_ENABLE_OBJC_WEAK = YES;
				CLANG_WARN_BLOCK_CAPTURE_AUTORELEASING = YES;
				CLANG_WARN_BOOL_CONVERSION = YES;
				CLANG_WARN_COMMA = YES;
				CLANG_WARN_CONSTANT_CONVERSION = YES;
				CLANG_WARN_DEPRECATED_OBJC_IMPLEMENTATIONS = YES;
				CLANG_WARN_DIRECT_OBJC_ISA_USAGE = YES_ERROR;
				CLANG_WARN_DOCUMENTATION_COMMENTS = YES;
				CLANG_WARN_EMPTY_BODY = YES;
				CLANG_WARN_ENUM_CONVERSION = YES;
				CLANG_WARN_INFINITE_RECURSION = YES;
				CLANG_WARN_INT_CONVERSION = YES;
				CLANG_WARN_NON_LITERAL_NULL_CONVERSION = YES;
				CLANG_WARN_OBJC_IMPLICIT_RETAIN_SELF = YES;
				CLANG_WARN_OBJC_LITERAL_CONVERSION = YES;
				CLANG_WARN_OBJC_ROOT_CLASS = YES_ERROR;
				CLANG_WARN_QUOTED_INCLUDE_IN_FRAMEWORK_HEADER = YES;
				CLANG_WARN_RANGE_LOOP_ANALYSIS = YES;
				CLANG_WARN_STRICT_PROTOTYPES = YES;
				CLANG_WARN_SUSPICIOUS_MOVE = YES;
				CLANG_WARN_UNGUARDED_AVAILABILITY = YES_AGGRESSIVE;
				CLANG_WARN_UNREACHABLE_CODE = YES;
				CLANG_WARN__DUPLICATE_METHOD_MATCH = YES;
				COPY_PHASE_STRIP = NO;
				DEBUG_INFORMATION_FORMAT = dwarf;
				ENABLE_STRICT_OBJC_MSGSEND = YES;
				ENABLE_TESTABILITY = YES;
				GCC_C_LANGUAGE_STANDARD = gnu11;
				GCC_DYNAMIC_NO_PIC = NO;
				GCC_NO_COMMON_BLOCKS = YES;
				GCC_OPTIMIZATION_LEVEL = 0;
				GCC_PREPROCESSOR_DEFINITIONS = (
					"DEBUG=1",
					"$(inherited)",
				);
				GCC_WARN_64_TO_32_BIT_CONVERSION = YES;
				GCC_WARN_ABOUT_RETURN_TYPE = YES_ERROR;
				GCC_WARN_UNDECLARED_SELECTOR = YES;
				GCC_WARN_UNINITIALIZED_AUTOS = YES_AGGRESSIVE;
				GCC_WARN_UNUSED_FUNCTION = YES;
				GCC_WARN_UNUSED_VARIABLE = YES;
				MTL_ENABLE_DEBUG_INFO = INCLUDE_SOURCE;
				MTL_FAST_MATH = YES;
				ONLY_ACTIVE_ARCH = YES;
				SWIFT_ACTIVE_COMPILATION_CONDITIONS = DEBUG;
				SWIFT_OPTIMIZATION_LEVEL = "-Onone";
			};
			name = Debug;
		};
		FF0650FE2A50461200BDED58 /* Release */ = {
			isa = XCBuildConfiguration;
			buildSettings = {
				ALWAYS_SEARCH_USER_PATHS = NO;
				CLANG_ANALYZER_NONNULL = YES;
				CLANG_ANALYZER_NUMBER_OBJECT_CONVERSION = YES_AGGRESSIVE;
				CLANG_CXX_LANGUAGE_STANDARD = "gnu++20";
				CLANG_ENABLE_MODULES = YES;
				CLANG_ENABLE_OBJC_ARC = YES;
				CLANG_ENABLE_OBJC_WEAK = YES;
				CLANG_WARN_BLOCK_CAPTURE_AUTORELEASING = YES;
				CLANG_WARN_BOOL_CONVERSION = YES;
				CLANG_WARN_COMMA = YES;
				CLANG_WARN_CONSTANT_CONVERSION = YES;
				CLANG_WARN_DEPRECATED_OBJC_IMPLEMENTATIONS = YES;
				CLANG_WARN_DIRECT_OBJC_ISA_USAGE = YES_ERROR;
				CLANG_WARN_DOCUMENTATION_COMMENTS = YES;
				CLANG_WARN_EMPTY_BODY = YES;
				CLANG_WARN_ENUM_CONVERSION = YES;
				CLANG_WARN_INFINITE_RECURSION = YES;
				CLANG_WARN_INT_CONVERSION = YES;
				CLANG_WARN_NON_LITERAL_NULL_CONVERSION = YES;
				CLANG_WARN_OBJC_IMPLICIT_RETAIN_SELF = YES;
				CLANG_WARN_OBJC_LITERAL_CONVERSION = YES;
				CLANG_WARN_OBJC_ROOT_CLASS = YES_ERROR;
				CLANG_WARN_QUOTED_INCLUDE_IN_FRAMEWORK_HEADER = YES;
				CLANG_WARN_RANGE_LOOP_ANALYSIS = YES;
				CLANG_WARN_STRICT_PROTOTYPES = YES;
				CLANG_WARN_SUSPICIOUS_MOVE = YES;
				CLANG_WARN_UNGUARDED_AVAILABILITY = YES_AGGRESSIVE;
				CLANG_WARN_UNREACHABLE_CODE = YES;
				CLANG_WARN__DUPLICATE_METHOD_MATCH = YES;
				COPY_PHASE_STRIP = NO;
				DEBUG_INFORMATION_FORMAT = "dwarf-with-dsym";
				ENABLE_NS_ASSERTIONS = NO;
				ENABLE_STRICT_OBJC_MSGSEND = YES;
				GCC_C_LANGUAGE_STANDARD = gnu11;
				GCC_NO_COMMON_BLOCKS = YES;
				GCC_WARN_64_TO_32_BIT_CONVERSION = YES;
				GCC_WARN_ABOUT_RETURN_TYPE = YES_ERROR;
				GCC_WARN_UNDECLARED_SELECTOR = YES;
				GCC_WARN_UNINITIALIZED_AUTOS = YES_AGGRESSIVE;
				GCC_WARN_UNUSED_FUNCTION = YES;
				GCC_WARN_UNUSED_VARIABLE = YES;
				MTL_ENABLE_DEBUG_INFO = NO;
				MTL_FAST_MATH = YES;
				SWIFT_COMPILATION_MODE = wholemodule;
				SWIFT_OPTIMIZATION_LEVEL = "-O";
			};
			name = Release;
		};
		FF0651002A50461200BDED58 /* Debug */ = {
			isa = XCBuildConfiguration;
			buildSettings = {
				ASSETCATALOG_COMPILER_APPICON_NAME = AppIcon;
				ASSETCATALOG_COMPILER_GLOBAL_ACCENT_COLOR_NAME = AccentColor;
				CODE_SIGN_ENTITLEMENTS = "Playground Project/Playground_Project.entitlements";
				CODE_SIGN_STYLE = Automatic;
				CURRENT_PROJECT_VERSION = 1;
				DEVELOPMENT_ASSET_PATHS = "\"Playground Project/Preview Content\"";
				DEVELOPMENT_TEAM = M29R4GDRCF;
				ENABLE_HARDENED_RUNTIME = YES;
				ENABLE_PREVIEWS = YES;
				GENERATE_INFOPLIST_FILE = YES;
				"INFOPLIST_KEY_UIApplicationSceneManifest_Generation[sdk=iphoneos*]" = YES;
				"INFOPLIST_KEY_UIApplicationSceneManifest_Generation[sdk=iphonesimulator*]" = YES;
				"INFOPLIST_KEY_UIApplicationSupportsIndirectInputEvents[sdk=iphoneos*]" = YES;
				"INFOPLIST_KEY_UIApplicationSupportsIndirectInputEvents[sdk=iphonesimulator*]" = YES;
				"INFOPLIST_KEY_UILaunchScreen_Generation[sdk=iphoneos*]" = YES;
				"INFOPLIST_KEY_UILaunchScreen_Generation[sdk=iphonesimulator*]" = YES;
				"INFOPLIST_KEY_UIStatusBarStyle[sdk=iphoneos*]" = UIStatusBarStyleDefault;
				"INFOPLIST_KEY_UIStatusBarStyle[sdk=iphonesimulator*]" = UIStatusBarStyleDefault;
				INFOPLIST_KEY_UISupportedInterfaceOrientations_iPad = "UIInterfaceOrientationPortrait UIInterfaceOrientationPortraitUpsideDown UIInterfaceOrientationLandscapeLeft UIInterfaceOrientationLandscapeRight";
				INFOPLIST_KEY_UISupportedInterfaceOrientations_iPhone = "UIInterfaceOrientationPortrait UIInterfaceOrientationLandscapeLeft UIInterfaceOrientationLandscapeRight";
				IPHONEOS_DEPLOYMENT_TARGET = 16.4;
				LD_RUNPATH_SEARCH_PATHS = "@executable_path/Frameworks";
				"LD_RUNPATH_SEARCH_PATHS[sdk=macosx*]" = "@executable_path/../Frameworks";
				MACOSX_DEPLOYMENT_TARGET = 13.3;
				MARKETING_VERSION = 1.0;
				PRODUCT_BUNDLE_IDENTIFIER = "com.manenga.Playground-Project";
				PRODUCT_NAME = "$(TARGET_NAME)";
				SDKROOT = auto;
				SUPPORTED_PLATFORMS = "iphoneos iphonesimulator";
				SUPPORTS_MACCATALYST = NO;
				SUPPORTS_MAC_DESIGNED_FOR_IPHONE_IPAD = NO;
				SWIFT_EMIT_LOC_STRINGS = YES;
				SWIFT_VERSION = 5.0;
				TARGETED_DEVICE_FAMILY = "1,2";
			};
			name = Debug;
		};
		FF0651012A50461200BDED58 /* Release */ = {
			isa = XCBuildConfiguration;
			buildSettings = {
				ASSETCATALOG_COMPILER_APPICON_NAME = AppIcon;
				ASSETCATALOG_COMPILER_GLOBAL_ACCENT_COLOR_NAME = AccentColor;
				CODE_SIGN_ENTITLEMENTS = "Playground Project/Playground_Project.entitlements";
				CODE_SIGN_STYLE = Automatic;
				CURRENT_PROJECT_VERSION = 1;
				DEVELOPMENT_ASSET_PATHS = "\"Playground Project/Preview Content\"";
				DEVELOPMENT_TEAM = M29R4GDRCF;
				ENABLE_HARDENED_RUNTIME = YES;
				ENABLE_PREVIEWS = YES;
				GENERATE_INFOPLIST_FILE = YES;
				"INFOPLIST_KEY_UIApplicationSceneManifest_Generation[sdk=iphoneos*]" = YES;
				"INFOPLIST_KEY_UIApplicationSceneManifest_Generation[sdk=iphonesimulator*]" = YES;
				"INFOPLIST_KEY_UIApplicationSupportsIndirectInputEvents[sdk=iphoneos*]" = YES;
				"INFOPLIST_KEY_UIApplicationSupportsIndirectInputEvents[sdk=iphonesimulator*]" = YES;
				"INFOPLIST_KEY_UILaunchScreen_Generation[sdk=iphoneos*]" = YES;
				"INFOPLIST_KEY_UILaunchScreen_Generation[sdk=iphonesimulator*]" = YES;
				"INFOPLIST_KEY_UIStatusBarStyle[sdk=iphoneos*]" = UIStatusBarStyleDefault;
				"INFOPLIST_KEY_UIStatusBarStyle[sdk=iphonesimulator*]" = UIStatusBarStyleDefault;
				INFOPLIST_KEY_UISupportedInterfaceOrientations_iPad = "UIInterfaceOrientationPortrait UIInterfaceOrientationPortraitUpsideDown UIInterfaceOrientationLandscapeLeft UIInterfaceOrientationLandscapeRight";
				INFOPLIST_KEY_UISupportedInterfaceOrientations_iPhone = "UIInterfaceOrientationPortrait UIInterfaceOrientationLandscapeLeft UIInterfaceOrientationLandscapeRight";
				IPHONEOS_DEPLOYMENT_TARGET = 16.4;
				LD_RUNPATH_SEARCH_PATHS = "@executable_path/Frameworks";
				"LD_RUNPATH_SEARCH_PATHS[sdk=macosx*]" = "@executable_path/../Frameworks";
				MACOSX_DEPLOYMENT_TARGET = 13.3;
				MARKETING_VERSION = 1.0;
				PRODUCT_BUNDLE_IDENTIFIER = "com.manenga.Playground-Project";
				PRODUCT_NAME = "$(TARGET_NAME)";
				SDKROOT = auto;
				SUPPORTED_PLATFORMS = "iphoneos iphonesimulator";
				SUPPORTS_MACCATALYST = NO;
				SUPPORTS_MAC_DESIGNED_FOR_IPHONE_IPAD = NO;
				SWIFT_EMIT_LOC_STRINGS = YES;
				SWIFT_VERSION = 5.0;
				TARGETED_DEVICE_FAMILY = "1,2";
			};
			name = Release;
		};
/* End XCBuildConfiguration section */

/* Begin XCConfigurationList section */
		FF0650EB2A50461200BDED58 /* Build configuration list for PBXProject "Playground Project" */ = {
			isa = XCConfigurationList;
			buildConfigurations = (
				FF0650FD2A50461200BDED58 /* Debug */,
				FF0650FE2A50461200BDED58 /* Release */,
			);
			defaultConfigurationIsVisible = 0;
			defaultConfigurationName = Release;
		};
		FF0650FF2A50461200BDED58 /* Build configuration list for PBXNativeTarget "Playground Project" */ = {
			isa = XCConfigurationList;
			buildConfigurations = (
				FF0651002A50461200BDED58 /* Debug */,
				FF0651012A50461200BDED58 /* Release */,
			);
			defaultConfigurationIsVisible = 0;
			defaultConfigurationName = Release;
		};
/* End XCConfigurationList section */
	};
	rootObject = FF0650E82A50461200BDED58 /* Project object */;
}
